
Microsoft Visual Studio Solution File, Format Version 12.00
# Visual Studio Version 17
VisualStudioVersion = 17.2.32602.215
MinimumVisualStudioVersion = 10.0.40219.1
Project("{9A19103F-16F7-4668-BE54-9A1E7A4F7556}") = "Cab-Invoice-Generator", "Cab-Invoice-Generator\Cab-Invoice-Generator.csproj", "{5E011F0C-B1EF-459B-B520-5F9755FFC17C}"
EndProject
Project("{FAE04EC0-301F-11D3-BF4B-00C04F79EFBC}") = "InvoiceGeneratorTestCases", "InvoiceGeneratorTestCases\InvoiceGeneratorTestCases.csproj", "{830DFD78-A5C0-4507-80B5-57F9D0965FD5}"
EndProject
Global
	GlobalSection(SolutionConfigurationPlatforms) = preSolution
		Debug|Any CPU = Debug|Any CPU
		Release|Any CPU = Release|Any CPU
	EndGlobalSection
	GlobalSection(ProjectConfigurationPlatforms) = postSolution
		{5E011F0C-B1EF-459B-B520-5F9755FFC17C}.Debug|Any CPU.ActiveCfg = Debug|Any CPU
		{5E011F0C-B1EF-459B-B520-5F9755FFC17C}.Debug|Any CPU.Build.0 = Debug|Any CPU
		{5E011F0C-B1EF-459B-B520-5F9755FFC17C}.Release|Any CPU.ActiveCfg = Release|Any CPU
		{5E011F0C-B1EF-459B-B520-5F9755FFC17C}.Release|Any CPU.Build.0 = Release|Any CPU
		{830DFD78-A5C0-4507-80B5-57F9D0965FD5}.Debug|Any CPU.ActiveCfg = Debug|Any CPU
		{830DFD78-A5C0-4507-80B5-57F9D0965FD5}.Debug|Any CPU.Build.0 = Debug|Any CPU
		{830DFD78-A5C0-4507-80B5-57F9D0965FD5}.Release|Any CPU.ActiveCfg = Release|Any CPU
		{830DFD78-A5C0-4507-80B5-57F9D0965FD5}.Release|Any CPU.Build.0 = Release|Any CPU
	EndGlobalSection
	GlobalSection(SolutionProperties) = preSolution
		HideSolutionNode = FALSE
	EndGlobalSection
	GlobalSection(ExtensibilityGlobals) = postSolution
		SolutionGuid = {65579BD4-C0A9-421B-8272-4DEE776BDC74}
	EndGlobalSection
EndGlobal
